[
    {
        "package": "fuchsia/third_party/black/linux-amd64",
        "version": "version:2@23.10.0.1",
        "instance_id": "4qoXh0ci2TZuemXlmI-ijJrDxhf1M2sppgQQy5oysKEC"
    },
    {
        "package": "fuchsia/third_party/black/mac-amd64",
        "version": "version:2@23.10.0.1",
        "instance_id": "IinJy-G7d3b9KBue69RPFo58EzRH0_t0yl-OzlkGzpEC"
    },
    {
        "package": "fuchsia/third_party/black/mac-arm64",
        "version": "version:2@23.10.0.1",
        "instance_id": "gf861VVHov2pUkgYBemBzBOhte9CRG3dFe-A6ro0MzQC"
    },
    {
        "package": "fuchsia/third_party/clang/linux-amd64",
        "version": "git_revision:0454dd8c48cd771478f1ae53330ba78e71bcd7cb",
        "instance_id": "Et8LbVQKFHIGAqwH-tuQ7zkorbSGx3c2BA0Po2gWyw0C"
    },
    {
        "package": "fuchsia/third_party/clang/linux-arm64",
        "version": "git_revision:0454dd8c48cd771478f1ae53330ba78e71bcd7cb",
        "instance_id": "4JgbBq1Z6pHwRPplySbExc9E-Jat5cfZG30MCGo3X1EC"
    },
    {
        "package": "fuchsia/third_party/clang/mac-amd64",
        "version": "git_revision:0454dd8c48cd771478f1ae53330ba78e71bcd7cb",
        "instance_id": "RY1CrdtyLjJuQ9oW8_MlP3tlrINLBt_qTUQfC12atCsC"
    },
    {
        "package": "fuchsia/third_party/clang/mac-arm64",
        "version": "git_revision:0454dd8c48cd771478f1ae53330ba78e71bcd7cb",
        "instance_id": "UKQfOzmcgW9tsuj9TzzqPocxuj6tBKLp4BmxZWMo0KsC"
    },
    {
        "package": "fuchsia/third_party/clang/windows-amd64",
        "version": "git_revision:0454dd8c48cd771478f1ae53330ba78e71bcd7cb",
        "instance_id": "6h1zzUydD8ajRaymnlFEuWBU8v9KiTgh0KcEBroV9OUC"
    },
    {
        "package": "fuchsia/third_party/gcc/linux-amd64",
        "version": "git_revision:451791981b9630489b6935491720c6ecc97f6830,37afef6fe1378d671643624439e76453ade7c4af",
        "instance_id": "ZIy5CIhvFUN7nCWi1orUGX8Jdbz6s78dZCo8ZbFm5xkC"
    },
    {
        "package": "fuchsia/third_party/gcc/linux-arm64",
        "version": "git_revision:451791981b9630489b6935491720c6ecc97f6830,37afef6fe1378d671643624439e76453ade7c4af",
        "instance_id": "2MnAHdwstAb-Dl6SmPG9UHueo4OMPeyGlN8tYpb3rE8C"
    },
    {
        "package": "fuchsia/third_party/jq/linux-amd64",
        "path": "prebuilt/third_party/jq/{{.OS}}-{{.Arch}}",
        "version": "git_revision:a17dd3248a666d01be75f6b16be37e80e20b0954",
        "instance_id": "tN0CPJbV2YwiOaYednM1g02wDkO-rJAKRCuRfwg6UKkC"
    },
    {
        "package": "fuchsia/third_party/jq/linux-arm64",
        "path": "prebuilt/third_party/jq/{{.OS}}-{{.Arch}}",
        "version": "git_revision:a17dd3248a666d01be75f6b16be37e80e20b0954",
        "instance_id": "B99d5H538hQqnU04lmWivDAc05SEgDkZIBH8oaeqyWcC"
    },
    {
        "package": "fuchsia/third_party/jq/mac-amd64",
        "path": "prebuilt/third_party/jq/{{.OS}}-{{.Arch}}",
        "version": "git_revision:a17dd3248a666d01be75f6b16be37e80e20b0954",
        "instance_id": "o9A6AYztINFwkUQ2gfaWFmnM9VseP0yS3kYObZkSMvkC"
    },
    {
        "package": "fuchsia/third_party/jq/mac-arm64",
        "path": "prebuilt/third_party/jq/mac-arm64",
        "version": "git_revision:949d38e6dc7330712b50697d7fe833eec85dede1",
        "instance_id": "CbkoHklektIuMV0aYqOhtQHj5ABcnnEUMLFJWMWCi-4C"
    },
    {
        "package": "fuchsia/third_party/ninja/linux-amd64",
        "version": "git_revision:52b67c613eacdbc6806deecd07f6c86418a22750",
        "instance_id": "kpcU1_tOl5J-rupgHdSbFNbx6I6-ZrO849O8kKod6X4C"
    },
    {
        "package": "fuchsia/third_party/ninja/linux-arm64",
        "version": "git_revision:52b67c613eacdbc6806deecd07f6c86418a22750",
        "instance_id": "Wr80Op2IKVDoAXiq71Tvr9jjV2afxYAD0FRvBC48CwYC"
    },
    {
        "package": "fuchsia/third_party/ninja/mac-amd64",
        "version": "git_revision:52b67c613eacdbc6806deecd07f6c86418a22750",
        "instance_id": "HuDYM2_bfO5M9dUvPFWD9pKSukblZ7yfqvMcKpUnf-QC"
    },
    {
        "package": "fuchsia/third_party/ninja/mac-arm64",
        "version": "git_revision:52b67c613eacdbc6806deecd07f6c86418a22750",
        "instance_id": "3WNo_mSusb9UkyosfGqQUq47cDhHzfWBUiUkJbuZw5YC"
    },
    {
        "package": "fuchsia/third_party/ninja/windows-amd64",
        "version": "git_revision:52b67c613eacdbc6806deecd07f6c86418a22750",
        "instance_id": "fn7fkx0AMdw4qtA5EhAr7Lx9jHS0_uQQx6kD2O70UTEC"
    },
    {
        "package": "fuchsia/third_party/qemu/linux-amd64",
        "version": "git_revision:ae35f033b874c627d81d51070187fbf55f0bf1a7",
        "instance_id": "BQMJW6vmMgA_KYEdk7AsZccfZbcpImV3sswiLttdrR8C"
    },
    {
        "package": "fuchsia/third_party/qemu/linux-arm64",
        "version": "git_revision:ae35f033b874c627d81d51070187fbf55f0bf1a7",
        "instance_id": "MDf3sCxn9kct3Tg1oVRHch1hkzO6-9qZZFBRPT6jDuoC"
    },
    {
        "package": "fuchsia/third_party/qemu/mac-amd64",
        "version": "git_revision:ae35f033b874c627d81d51070187fbf55f0bf1a7",
        "instance_id": "W0cG1CELgrxbBHr_e7Z5ywq-WMJQFK-0t6TAdqaxnd8C"
    },
    {
        "package": "fuchsia/third_party/qemu/mac-arm64",
        "version": "git_revision:ae35f033b874c627d81d51070187fbf55f0bf1a7",
        "instance_id": "2wB62c2k76n_MwKG4H5AFMQlTz90MYrgPCgvGF8TkuoC"
    },
    {
        "package": "fuchsia/third_party/sysroot/linux",
        "version": "git_revision:cf821ee2dbc2ed61dfc25a814dcc8d090f9fda03",
        "instance_id": "dCkoVcYlgGIP_pmR61ZMIrSDgdrV81BtxcPeTRuyqlUC"
    },
    {
        "package": "fuchsia/tools/buildidtool/linux-amd64",
        "version": "git_revision:60009530a614e2c7b5cdfdcbc707932e9e5a860d",
        "instance_id": "FIFgJ238MCawqe2ug-TBbFshxB4sZi3bv6kHwyu5GAQC"
    },
    {
        "package": "fuchsia/tools/buildidtool/mac-amd64",
        "version": "git_revision:60009530a614e2c7b5cdfdcbc707932e9e5a860d",
        "instance_id": "cC-lnWzFjYz_XT4gF-0ZiVrjNbSUAFfxBH-t6c1tvMMC"
    },
    {
        "package": "fuchsia/tools/buildidtool/mac-arm64",
        "version": "git_revision:60009530a614e2c7b5cdfdcbc707932e9e5a860d",
        "instance_id": "pzAuYqe0ZmkvcdTjokZLr1rXMQGIm5ARp_dg-iMnXWwC"
    },
    {
        "package": "gn/gn/linux-amd64",
        "version": "git_revision:96297ebb3e922384d8eb4ac82752edaeded6e780",
        "instance_id": "qYqDll_hixNJABS8ydaraKGK90HicKpi0QRJaFd7dn8C"
    },
    {
        "package": "gn/gn/linux-arm64",
        "version": "git_revision:96297ebb3e922384d8eb4ac82752edaeded6e780",
        "instance_id": "1aMTNt6DLHzJ8MxO3BVznMQqQXowKA9dF8vQCoHLdksC"
    },
    {
        "package": "gn/gn/mac-amd64",
        "version": "git_revision:96297ebb3e922384d8eb4ac82752edaeded6e780",
        "instance_id": "vWThZGmPXaNIlXshBhHgYGJ1sQ17UI6T7iIbEJzyFf8C"
    },
    {
        "package": "gn/gn/mac-arm64",
        "version": "git_revision:96297ebb3e922384d8eb4ac82752edaeded6e780",
        "instance_id": "bKmY7D0R_A78hrz9Th5ld_aBg5mEaZY7gbiFvaIZ2kkC"
    },
    {
        "package": "infra/3pp/tools/cpython3/linux-amd64",
        "version": "version:2@3.11.3.chromium.29",
        "instance_id": "3ywmFUOaOaFOgNvtlG9w1GSzYXssvcYo2UvqnTfZsNsC"
    },
    {
        "package": "infra/3pp/tools/cpython3/linux-arm64",
        "version": "version:2@3.11.3.chromium.29",
        "instance_id": "0qXKGBfVL46r9dvOdXb3MG9qiTF9uyoqOldOM5_K1BoC"
    },
    {
        "package": "infra/3pp/tools/cpython3/mac-amd64",
        "version": "version:2@3.11.3.chromium.29",
        "instance_id": "gHVu4qySpAN6bOb9jxXbJcqpoenmotoBomcKGMvM0EkC"
    },
    {
        "package": "infra/3pp/tools/cpython3/mac-arm64",
        "version": "version:2@3.11.3.chromium.29",
        "instance_id": "mSbkq22f3TpBkLEML4b_vV02_WhmctTYRVzGRWMOMOEC"
    }
]