[
    {
        "package": "fuchsia/third_party/black/linux-amd64",
        "version": "version:2@23.10.0.1",
        "instance_id": "4qoXh0ci2TZuemXlmI-ijJrDxhf1M2sppgQQy5oysKEC"
    },
    {
        "package": "fuchsia/third_party/black/mac-amd64",
        "version": "version:2@23.10.0.1",
        "instance_id": "IinJy-G7d3b9KBue69RPFo58EzRH0_t0yl-OzlkGzpEC"
    },
    {
        "package": "fuchsia/third_party/black/mac-arm64",
        "version": "version:2@23.10.0.1",
        "instance_id": "gf861VVHov2pUkgYBemBzBOhte9CRG3dFe-A6ro0MzQC"
    },
    {
        "package": "fuchsia/third_party/clang/linux-amd64",
        "version": "git_revision:84af3ee5124de3385b829c3a9980fd734f0d92e8",
        "instance_id": "FPpevgDdlRKN2z3IrmUVov6ZFF61FF_ixSP5T4qDh1wC"
    },
    {
        "package": "fuchsia/third_party/clang/linux-arm64",
        "version": "git_revision:84af3ee5124de3385b829c3a9980fd734f0d92e8",
        "instance_id": "xnKi3wNEglJ9Bnsk8_SEO4lUZSTlTWCsFG5V38e-AmwC"
    },
    {
        "package": "fuchsia/third_party/clang/mac-amd64",
        "version": "git_revision:84af3ee5124de3385b829c3a9980fd734f0d92e8",
        "instance_id": "If95Of7YoOCkcW9tsz_vzSRcyeQImtUb_ThbBy6HxZ0C"
    },
    {
        "package": "fuchsia/third_party/clang/mac-arm64",
        "version": "git_revision:84af3ee5124de3385b829c3a9980fd734f0d92e8",
        "instance_id": "jDSm2Dyqkn1GhU5MPX3luMKBX1Z8PFmU0RALy_HOiusC"
    },
    {
        "package": "fuchsia/third_party/clang/windows-amd64",
        "version": "git_revision:84af3ee5124de3385b829c3a9980fd734f0d92e8",
        "instance_id": "XiBHLTa8HHj9lYwC-ArymS75s792s0_ANNvLOfsILqMC"
    },
    {
        "package": "fuchsia/third_party/gcc/linux-amd64",
        "version": "git_revision:282dedf4408f6e373de6caec958f5ba870c10b30,6488f1e65adf232d1cfdded7f5fb1451f27eee78",
        "instance_id": "h-VfuaS22bZELGNXLFcvPAwLfClahLO5jAnqIjlmsq0C"
    },
    {
        "package": "fuchsia/third_party/gcc/linux-arm64",
        "version": "git_revision:282dedf4408f6e373de6caec958f5ba870c10b30,6488f1e65adf232d1cfdded7f5fb1451f27eee78",
        "instance_id": "tiM-m2Nqv-npK1OeFb9B1TzrZXVl1NypyflWmFQkscIC"
    },
    {
        "package": "fuchsia/third_party/jq/linux-amd64",
        "path": "prebuilt/third_party/jq/{{.OS}}-{{.Arch}}",
        "version": "git_revision:a17dd3248a666d01be75f6b16be37e80e20b0954",
        "instance_id": "tN0CPJbV2YwiOaYednM1g02wDkO-rJAKRCuRfwg6UKkC"
    },
    {
        "package": "fuchsia/third_party/jq/linux-arm64",
        "path": "prebuilt/third_party/jq/{{.OS}}-{{.Arch}}",
        "version": "git_revision:a17dd3248a666d01be75f6b16be37e80e20b0954",
        "instance_id": "B99d5H538hQqnU04lmWivDAc05SEgDkZIBH8oaeqyWcC"
    },
    {
        "package": "fuchsia/third_party/jq/mac-amd64",
        "path": "prebuilt/third_party/jq/{{.OS}}-{{.Arch}}",
        "version": "git_revision:a17dd3248a666d01be75f6b16be37e80e20b0954",
        "instance_id": "o9A6AYztINFwkUQ2gfaWFmnM9VseP0yS3kYObZkSMvkC"
    },
    {
        "package": "fuchsia/third_party/jq/mac-arm64",
        "path": "prebuilt/third_party/jq/mac-arm64",
        "version": "git_revision:949d38e6dc7330712b50697d7fe833eec85dede1",
        "instance_id": "CbkoHklektIuMV0aYqOhtQHj5ABcnnEUMLFJWMWCi-4C"
    },
    {
        "package": "fuchsia/third_party/ninja/linux-amd64",
        "version": "git_revision:3d25110b025ce412ab0fcd8247b0ff9d40390706",
        "instance_id": "j6jHnB2TcznzoIzn8XSw2Uec6vHpRvKAybQzMXmAqsoC"
    },
    {
        "package": "fuchsia/third_party/ninja/linux-arm64",
        "version": "git_revision:3d25110b025ce412ab0fcd8247b0ff9d40390706",
        "instance_id": "lTlePyJ8VKMk7zP41iEI4Oay51FXoQfjPy36KtDEpIMC"
    },
    {
        "package": "fuchsia/third_party/ninja/mac-amd64",
        "version": "git_revision:3d25110b025ce412ab0fcd8247b0ff9d40390706",
        "instance_id": "aR83JwN2sjijl0sqLR0oQICbPq5KWY58N5-EN7lqvzQC"
    },
    {
        "package": "fuchsia/third_party/ninja/mac-arm64",
        "version": "git_revision:3d25110b025ce412ab0fcd8247b0ff9d40390706",
        "instance_id": "a-MKMdJLTFBeeDgFEtZz_kgcnPFRx4xzrkX1VzWLAGAC"
    },
    {
        "package": "fuchsia/third_party/ninja/windows-amd64",
        "version": "git_revision:3d25110b025ce412ab0fcd8247b0ff9d40390706",
        "instance_id": "942E3GP-Rf4DZV1tC2GQ6QDpxemZDiCPk-vpIbkH0gYC"
    },
    {
        "package": "fuchsia/third_party/qemu/linux-amd64",
        "version": "git_revision:ae35f033b874c627d81d51070187fbf55f0bf1a7",
        "instance_id": "BQMJW6vmMgA_KYEdk7AsZccfZbcpImV3sswiLttdrR8C"
    },
    {
        "package": "fuchsia/third_party/qemu/linux-arm64",
        "version": "git_revision:ae35f033b874c627d81d51070187fbf55f0bf1a7",
        "instance_id": "MDf3sCxn9kct3Tg1oVRHch1hkzO6-9qZZFBRPT6jDuoC"
    },
    {
        "package": "fuchsia/third_party/qemu/mac-amd64",
        "version": "git_revision:ae35f033b874c627d81d51070187fbf55f0bf1a7",
        "instance_id": "W0cG1CELgrxbBHr_e7Z5ywq-WMJQFK-0t6TAdqaxnd8C"
    },
    {
        "package": "fuchsia/third_party/qemu/mac-arm64",
        "version": "git_revision:ae35f033b874c627d81d51070187fbf55f0bf1a7",
        "instance_id": "2wB62c2k76n_MwKG4H5AFMQlTz90MYrgPCgvGF8TkuoC"
    },
    {
        "package": "fuchsia/third_party/sysroot/linux",
        "version": "git_revision:cf821ee2dbc2ed61dfc25a814dcc8d090f9fda03",
        "instance_id": "dCkoVcYlgGIP_pmR61ZMIrSDgdrV81BtxcPeTRuyqlUC"
    },
    {
        "package": "fuchsia/tools/buildidtool/linux-amd64",
        "version": "git_revision:60009530a614e2c7b5cdfdcbc707932e9e5a860d",
        "instance_id": "FIFgJ238MCawqe2ug-TBbFshxB4sZi3bv6kHwyu5GAQC"
    },
    {
        "package": "fuchsia/tools/buildidtool/mac-amd64",
        "version": "git_revision:60009530a614e2c7b5cdfdcbc707932e9e5a860d",
        "instance_id": "cC-lnWzFjYz_XT4gF-0ZiVrjNbSUAFfxBH-t6c1tvMMC"
    },
    {
        "package": "fuchsia/tools/buildidtool/mac-arm64",
        "version": "git_revision:60009530a614e2c7b5cdfdcbc707932e9e5a860d",
        "instance_id": "pzAuYqe0ZmkvcdTjokZLr1rXMQGIm5ARp_dg-iMnXWwC"
    },
    {
        "package": "gn/gn/linux-amd64",
        "version": "git_revision:ab638bd7cbb9ac8468bf2fbe60c74ed4706a14a7",
        "instance_id": "uTZORe_lYX7XUTpMTzhZA56nb43nDPlQSWTtv1CuNvkC"
    },
    {
        "package": "gn/gn/linux-arm64",
        "version": "git_revision:ab638bd7cbb9ac8468bf2fbe60c74ed4706a14a7",
        "instance_id": "ApuhHRqHFFKRyeUnWt0VmzdWWmQNmy5vHgZIDX9IpiYC"
    },
    {
        "package": "gn/gn/mac-amd64",
        "version": "git_revision:ab638bd7cbb9ac8468bf2fbe60c74ed4706a14a7",
        "instance_id": "dublrjsC46CCzVXQpbjf4SOIMELT8OClO489rMtntI8C"
    },
    {
        "package": "gn/gn/mac-arm64",
        "version": "git_revision:ab638bd7cbb9ac8468bf2fbe60c74ed4706a14a7",
        "instance_id": "Ru7jZzkqR8ouJ6p1Sjvj7E40oXJuFws2aoGoIPTLy0oC"
    },
    {
        "package": "infra/3pp/tools/cpython3/linux-amd64",
        "version": "version:2@3.11.3.chromium.29",
        "instance_id": "3ywmFUOaOaFOgNvtlG9w1GSzYXssvcYo2UvqnTfZsNsC"
    },
    {
        "package": "infra/3pp/tools/cpython3/linux-arm64",
        "version": "version:2@3.11.3.chromium.29",
        "instance_id": "0qXKGBfVL46r9dvOdXb3MG9qiTF9uyoqOldOM5_K1BoC"
    },
    {
        "package": "infra/3pp/tools/cpython3/mac-amd64",
        "version": "version:2@3.11.3.chromium.29",
        "instance_id": "gHVu4qySpAN6bOb9jxXbJcqpoenmotoBomcKGMvM0EkC"
    },
    {
        "package": "infra/3pp/tools/cpython3/mac-arm64",
        "version": "version:2@3.11.3.chromium.29",
        "instance_id": "mSbkq22f3TpBkLEML4b_vV02_WhmctTYRVzGRWMOMOEC"
    }
]